lockfileVersion: 5.4

specifiers:
  '@types/jest': ^28.1.1
  '@types/node': ^18.0.0
  ts-jest: ^28.0.5

devDependencies:
  '@types/jest': 28.1.1
  '@types/node': 18.0.0
  ts-jest: 28.0.5

packages:

  /@jest/schemas/28.0.2:
    resolution: {integrity: sha512-YVDJZjd4izeTDkij00vHHAymNXQ6WWsdChFRK86qck6Jpr3DCL5W3Is3vslviRlP+bLuMYRLbdp98amMvqudhA==}
    engines: {node: ^12.13.0 || ^14.15.0 || ^16.10.0 || >=17.0.0}
    dependencies:
      '@sinclair/typebox': 0.23.5
    dev: true

  /@jest/types/28.1.1:
    resolution: {integrity: sha512-vRXVqSg1VhDnB8bWcmvLzmg0Bt9CRKVgHPXqYwvWMX3TvAjeO+nRuK6+VdTKCtWOvYlmkF/HqNAL/z+N3B53Kw==}
    engines: {node: ^12.13.0 || ^14.15.0 || ^16.10.0 || >=17.0.0}
    dependencies:
      '@jest/schemas': 28.0.2
      '@types/istanbul-lib-coverage': 2.0.4
      '@types/istanbul-reports': 3.0.1
      '@types/node': 18.0.0
      '@types/yargs': 17.0.10
      chalk: 4.1.2
    dev: true

  /@sinclair/typebox/0.23.5:
    resolution: {integrity: sha512-AFBVi/iT4g20DHoujvMH1aEDn8fGJh4xsRGCP6d8RpLPMqsNPvW01Jcn0QysXTsg++/xj25NmJsGyH9xug/wKg==}
    dev: true

  /@types/istanbul-lib-coverage/2.0.4:
    resolution: {integrity: sha512-z/QT1XN4K4KYuslS23k62yDIDLwLFkzxOuMplDtObz0+y7VqJCaO2o+SPwHCvLFZh7xazvvoor2tA/hPz9ee7g==}
    dev: true

  /@types/istanbul-lib-report/3.0.0:
    resolution: {integrity: sha512-plGgXAPfVKFoYfa9NpYDAkseG+g6Jr294RqeqcqDixSbU34MZVJRi/P+7Y8GDpzkEwLaGZZOpKIEmeVZNtKsrg==}
    dependencies:
      '@types/istanbul-lib-coverage': 2.0.4
    dev: true

  /@types/istanbul-reports/3.0.1:
    resolution: {integrity: sha512-c3mAZEuK0lvBp8tmuL74XRKn1+y2dcwOUpH7x4WrF6gk1GIgiluDRgMYQtw2OFcBvAJWlt6ASU3tSqxp0Uu0Aw==}
    dependencies:
      '@types/istanbul-lib-report': 3.0.0
    dev: true

  /@types/jest/28.1.1:
    resolution: {integrity: sha512-C2p7yqleUKtCkVjlOur9BWVA4HgUQmEj/HWCt5WzZ5mLXrWnyIfl0wGuArc+kBXsy0ZZfLp+7dywB4HtSVYGVA==}
    dependencies:
      jest-matcher-utils: 27.5.1
      pretty-format: 27.5.1
    dev: true

  /@types/node/18.0.0:
    resolution: {integrity: sha512-cHlGmko4gWLVI27cGJntjs/Sj8th9aYwplmZFwmmgYQQvL5NUsgVJG7OddLvNfLqYS31KFN0s3qlaD9qCaxACA==}
    dev: true

  /@types/yargs-parser/21.0.0:
    resolution: {integrity: sha512-iO9ZQHkZxHn4mSakYV0vFHAVDyEOIJQrV2uZ06HxEPcx+mt8swXoZHIbaaJ2crJYFfErySgktuTZ3BeLz+XmFA==}
    dev: true

  /@types/yargs/17.0.10:
    resolution: {integrity: sha512-gmEaFwpj/7f/ROdtIlci1R1VYU1J4j95m8T+Tj3iBgiBFKg1foE/PSl93bBd5T9LDXNPo8UlNN6W0qwD8O5OaA==}
    dependencies:
      '@types/yargs-parser': 21.0.0
    dev: true

  /ansi-regex/5.0.1:
    resolution: {integrity: sha512-quJQXlTSUGL2LH9SUXo8VwsY4soanhgo6LNSm84E1LBcE8s3O0wpdiRzyR9z/ZZJMlMWv37qOOb9pdJlMUEKFQ==}
    engines: {node: '>=8'}
    dev: true

  /ansi-styles/4.3.0:
    resolution: {integrity: sha512-zbB9rCJAT1rbjiVDb2hqKFHNYLxgtk8NURxZ3IZwD3F6NtxbXZQCnnSi1Lkx+IDohdPlFp222wVALIheZJQSEg==}
    engines: {node: '>=8'}
    dependencies:
      color-convert: 2.0.1
    dev: true

  /ansi-styles/5.2.0:
    resolution: {integrity: sha512-Cxwpt2SfTzTtXcfOlzGEee8O+c+MmUgGrNiBcXnuWxuFJHe6a5Hz7qwhwe5OgaSYI0IJvkLqWX1ASG+cJOkEiA==}
    engines: {node: '>=10'}
    dev: true

  /bs-logger/0.2.6:
    resolution: {integrity: sha512-pd8DCoxmbgc7hyPKOvxtqNcjYoOsABPQdcCUjGp3d42VR2CX1ORhk2A87oqqu5R1kk+76nsxZupkmyd+MVtCog==}
    engines: {node: '>= 6'}
    dependencies:
      fast-json-stable-stringify: 2.1.0
    dev: true

  /chalk/4.1.2:
    resolution: {integrity: sha512-oKnbhFyRIXpUuez8iBMmyEa4nbj4IOQyuhc/wy9kY7/WVPcwIO9VA668Pu8RkO7+0G76SLROeyw9CpQ061i4mA==}
    engines: {node: '>=10'}
    dependencies:
      ansi-styles: 4.3.0
      supports-color: 7.2.0
    dev: true

  /ci-info/3.3.2:
    resolution: {integrity: sha512-xmDt/QIAdeZ9+nfdPsaBCpMvHNLFiLdjj59qjqn+6iPe6YmHGQ35sBnQ8uslRBXFmXkiZQOJRjvQeoGppoTjjg==}
    dev: true

  /color-convert/2.0.1:
    resolution: {integrity: sha512-RRECPsj7iu/xb5oKYcsFHSppFNnsj/52OVTRKb4zP5onXwVF3zVmmToNcOfGC+CRDpfK/U584fMg38ZHCaElKQ==}
    engines: {node: '>=7.0.0'}
    dependencies:
      color-name: 1.1.4
    dev: true

  /color-name/1.1.4:
    resolution: {integrity: sha512-dOy+3AuW3a2wNbZHIuMZpTcgjGuLU/uBL/ubcZF9OXbDo8ff4O8yVp5Bf0efS8uEoYo5q4Fx7dY9OgQGXgAsQA==}
    dev: true

  /diff-sequences/27.5.1:
    resolution: {integrity: sha512-k1gCAXAsNgLwEL+Y8Wvl+M6oEFj5bgazfZULpS5CneoPPXRaCCW7dm+q21Ky2VEE5X+VeRDBVg1Pcvvsr4TtNQ==}
    engines: {node: ^10.13.0 || ^12.13.0 || ^14.15.0 || >=15.0.0}
    dev: true

  /fast-json-stable-stringify/2.1.0:
    resolution: {integrity: sha512-lhd/wF+Lk98HZoTCtlVraHtfh5XYijIjalXck7saUtuanSDyLMxnHhSXEDJqHxD7msR8D0uCmqlkwjCV8xvwHw==}
    dev: true

  /graceful-fs/4.2.10:
    resolution: {integrity: sha512-9ByhssR2fPVsNZj478qUUbKfmL0+t5BDVyjShtyZZLiK7ZDAArFFfopyOTj0M05wE2tJPisA4iTnnXl2YoPvOA==}
    dev: true

  /has-flag/4.0.0:
    resolution: {integrity: sha512-EykJT/Q1KjTWctppgIAgfSO0tKVuZUjhgMr17kqTumMl6Afv3EISleU7qZUzoXDFTAHTDC4NOoG/ZxU3EvlMPQ==}
    engines: {node: '>=8'}
    dev: true

  /jest-diff/27.5.1:
    resolution: {integrity: sha512-m0NvkX55LDt9T4mctTEgnZk3fmEg3NRYutvMPWM/0iPnkFj2wIeF45O1718cMSOFO1vINkqmxqD8vE37uTEbqw==}
    engines: {node: ^10.13.0 || ^12.13.0 || ^14.15.0 || >=15.0.0}
    dependencies:
      chalk: 4.1.2
      diff-sequences: 27.5.1
      jest-get-type: 27.5.1
      pretty-format: 27.5.1
    dev: true

  /jest-get-type/27.5.1:
    resolution: {integrity: sha512-2KY95ksYSaK7DMBWQn6dQz3kqAf3BB64y2udeG+hv4KfSOb9qwcYQstTJc1KCbsix+wLZWZYN8t7nwX3GOBLRw==}
    engines: {node: ^10.13.0 || ^12.13.0 || ^14.15.0 || >=15.0.0}
    dev: true

  /jest-matcher-utils/27.5.1:
    resolution: {integrity: sha512-z2uTx/T6LBaCoNWNFWwChLBKYxTMcGBRjAt+2SbP929/Fflb9aa5LGma654Rz8z9HLxsrUaYzxE9T/EFIL/PAw==}
    engines: {node: ^10.13.0 || ^12.13.0 || ^14.15.0 || >=15.0.0}
    dependencies:
      chalk: 4.1.2
      jest-diff: 27.5.1
      jest-get-type: 27.5.1
      pretty-format: 27.5.1
    dev: true

  /jest-util/28.1.1:
    resolution: {integrity: sha512-FktOu7ca1DZSyhPAxgxB6hfh2+9zMoJ7aEQA759Z6p45NuO8mWcqujH+UdHlCm/V6JTWwDztM2ITCzU1ijJAfw==}
    engines: {node: ^12.13.0 || ^14.15.0 || ^16.10.0 || >=17.0.0}
    dependencies:
      '@jest/types': 28.1.1
      '@types/node': 18.0.0
      chalk: 4.1.2
      ci-info: 3.3.2
      graceful-fs: 4.2.10
      picomatch: 2.3.1
    dev: true

  /json5/2.2.1:
    resolution: {integrity: sha512-1hqLFMSrGHRHxav9q9gNjJ5EXznIxGVO09xQRrwplcS8qs28pZ8s8hupZAmqDwZUmVZ2Qb2jnyPOWcDH8m8dlA==}
    engines: {node: '>=6'}
    hasBin: true
    dev: true

  /lodash.memoize/4.1.2:
    resolution: {integrity: sha512-t7j+NzmgnQzTAYXcsHYLgimltOV1MXHtlOWf6GjL9Kj8GK5FInw5JotxvbOs+IvV1/Dzo04/fCGfLVs7aXb4Ag==}
    dev: true

  /lru-cache/6.0.0:
    resolution: {integrity: sha512-Jo6dJ04CmSjuznwJSS3pUeWmd/H0ffTlkXXgwZi+eq1UCmqQwCh+eLsYOYCwY991i2Fah4h1BEMCx4qThGbsiA==}
    engines: {node: '>=10'}
    dependencies:
      yallist: 4.0.0
    dev: true

  /make-error/1.3.6:
    resolution: {integrity: sha512-s8UhlNe7vPKomQhC1qFelMokr/Sc3AgNbso3n74mVPA5LTZwkB9NlXf4XPamLxJE8h0gh73rM94xvwRT2CVInw==}
    dev: true

  /picomatch/2.3.1:
    resolution: {integrity: sha512-JU3teHTNjmE2VCGFzuY8EXzCDVwEqB2a8fsIvwaStHhAWJEeVd1o1QD80CU6+ZdEXXSLbSsuLwJjkCBWqRQUVA==}
    engines: {node: '>=8.6'}
    dev: true

  /pretty-format/27.5.1:
    resolution: {integrity: sha512-Qb1gy5OrP5+zDf2Bvnzdl3jsTf1qXVMazbvCoKhtKqVs4/YK4ozX4gKQJJVyNe+cajNPn0KoC0MC3FUmaHWEmQ==}
    engines: {node: ^10.13.0 || ^12.13.0 || ^14.15.0 || >=15.0.0}
    dependencies:
      ansi-regex: 5.0.1
      ansi-styles: 5.2.0
      react-is: 17.0.2
    dev: true

  /react-is/17.0.2:
    resolution: {integrity: sha512-w2GsyukL62IJnlaff/nRegPQR94C/XXamvMWmSHRJ4y7Ts/4ocGRmTHvOs8PSE6pB3dWOrD/nueuU5sduBsQ4w==}
    dev: true

  /semver/7.3.7:
    resolution: {integrity: sha512-QlYTucUYOews+WeEujDoEGziz4K6c47V/Bd+LjSSYcA94p+DmINdf7ncaUinThfvZyu13lN9OY1XDxt8C0Tw0g==}
    engines: {node: '>=10'}
    hasBin: true
    dependencies:
      lru-cache: 6.0.0
    dev: true

  /supports-color/7.2.0:
    resolution: {integrity: sha512-qpCAvRl9stuOHveKsn7HncJRvv501qIacKzQlO/+Lwxc9+0q2wLyv4Dfvt80/DPn2pqOBsJdDiogXGR9+OvwRw==}
    engines: {node: '>=8'}
    dependencies:
      has-flag: 4.0.0
    dev: true

  /ts-jest/28.0.5:
    resolution: {integrity: sha512-Sx9FyP9pCY7pUzQpy4FgRZf2bhHY3za576HMKJFs+OnQ9jS96Du5vNsDKkyedQkik+sEabbKAnCliv9BEsHZgQ==}
    engines: {node: ^12.13.0 || ^14.15.0 || ^16.10.0 || >=17.0.0}
    hasBin: true
    peerDependencies:
      '@babel/core': '>=7.0.0-beta.0 <8'
      babel-jest: ^28.0.0
      esbuild: '*'
      jest: ^28.0.0
      typescript: '>=4.3'
    peerDependenciesMeta:
      '@babel/core':
        optional: true
      babel-jest:
        optional: true
      esbuild:
        optional: true
    dependencies:
      bs-logger: 0.2.6
      fast-json-stable-stringify: 2.1.0
      jest-util: 28.1.1
      json5: 2.2.1
      lodash.memoize: 4.1.2
      make-error: 1.3.6
      semver: 7.3.7
      yargs-parser: 21.0.1
    dev: true

  /yallist/4.0.0:
    resolution: {integrity: sha512-3wdGidZyq5PB084XLES5TpOSRA3wjXAlIWMhum2kRcv/41Sn2emQ0dycQW4uZXLejwKvg6EsvbdlVL+FYEct7A==}
    dev: true

  /yargs-parser/21.0.1:
    resolution: {integrity: sha512-9BK1jFpLzJROCI5TzwZL/TU4gqjK5xiHV/RfWLOahrjAko/e4DJkRDZQXfvqAsiZzzYhgAzbgz6lg48jcm4GLg==}
    engines: {node: '>=12'}
    dev: true
